
Microsoft Visual Studio Solution File, Format Version 12.00
# Visual Studio 15
VisualStudioVersion = 15.0.27130.2010
MinimumVisualStudioVersion = 10.0.40219.1
Project("{FAE04EC0-301F-11D3-BF4B-00C04F79EFBC}") = "SQLSharp", "SQLSharp\SQLSharp.csproj", "{24B8FC3E-FF14-418D-B9C0-0678AC764E8B}"
EndProject
Project("{FAE04EC0-301F-11D3-BF4B-00C04F79EFBC}") = "SQLiteSharp", "SQLiteSharp\SQLiteSharp.csproj", "{00169380-4E77-4CA3-B354-561ACA0072C2}"
EndProject
Project("{FAE04EC0-301F-11D3-BF4B-00C04F79EFBC}") = "SQLiteSharpTester", "SQLiteSharpTester\SQLiteSharpTester.csproj", "{882D77CD-985D-4DF0-A7C6-722DA9404BAB}"
EndProject
Global
	GlobalSection(SolutionConfigurationPlatforms) = preSolution
		Debug|Any CPU = Debug|Any CPU
		Release|Any CPU = Release|Any CPU
	EndGlobalSection
	GlobalSection(ProjectConfigurationPlatforms) = postSolution
		{24B8FC3E-FF14-418D-B9C0-0678AC764E8B}.Debug|Any CPU.ActiveCfg = Debug|Any CPU
		{24B8FC3E-FF14-418D-B9C0-0678AC764E8B}.Debug|Any CPU.Build.0 = Debug|Any CPU
		{24B8FC3E-FF14-418D-B9C0-0678AC764E8B}.Release|Any CPU.ActiveCfg = Release|Any CPU
		{24B8FC3E-FF14-418D-B9C0-0678AC764E8B}.Release|Any CPU.Build.0 = Release|Any CPU
		{00169380-4E77-4CA3-B354-561ACA0072C2}.Debug|Any CPU.ActiveCfg = Debug|Any CPU
		{00169380-4E77-4CA3-B354-561ACA0072C2}.Debug|Any CPU.Build.0 = Debug|Any CPU
		{00169380-4E77-4CA3-B354-561ACA0072C2}.Release|Any CPU.ActiveCfg = Release|Any CPU
		{00169380-4E77-4CA3-B354-561ACA0072C2}.Release|Any CPU.Build.0 = Release|Any CPU
		{882D77CD-985D-4DF0-A7C6-722DA9404BAB}.Debug|Any CPU.ActiveCfg = Debug|Any CPU
		{882D77CD-985D-4DF0-A7C6-722DA9404BAB}.Debug|Any CPU.Build.0 = Debug|Any CPU
		{882D77CD-985D-4DF0-A7C6-722DA9404BAB}.Release|Any CPU.ActiveCfg = Release|Any CPU
		{882D77CD-985D-4DF0-A7C6-722DA9404BAB}.Release|Any CPU.Build.0 = Release|Any CPU
	EndGlobalSection
	GlobalSection(SolutionProperties) = preSolution
		HideSolutionNode = FALSE
	EndGlobalSection
	GlobalSection(ExtensibilityGlobals) = postSolution
		SolutionGuid = {09596C35-0BAF-4228-A072-3D985CCFE271}
	EndGlobalSection
EndGlobal
